
Microsoft Visual Studio Solution File, Format Version 12.00
# Visual Studio Version 16
VisualStudioVersion = 16.0.29920.165
MinimumVisualStudioVersion = 10.0.40219.1
Project("{FAE04EC0-301F-11D3-BF4B-00C04F79EFBC}") = "WGAN1", "WGAN1\WGAN1.csproj", "{99F0939B-A46D-41B6-8F1D-C753F851980E}"
EndProject
Global
	GlobalSection(SolutionConfigurationPlatforms) = preSolution
		Debug|Any CPU = Debug|Any CPU
		Release|Any CPU = Release|Any CPU
	EndGlobalSection
	GlobalSection(ProjectConfigurationPlatforms) = postSolution
		{99F0939B-A46D-41B6-8F1D-C753F851980E}.Debug|Any CPU.ActiveCfg = Debug|Any CPU
		{99F0939B-A46D-41B6-8F1D-C753F851980E}.Debug|Any CPU.Build.0 = Debug|Any CPU
		{99F0939B-A46D-41B6-8F1D-C753F851980E}.Release|Any CPU.ActiveCfg = Release|Any CPU
		{99F0939B-A46D-41B6-8F1D-C753F851980E}.Release|Any CPU.Build.0 = Release|Any CPU
	EndGlobalSection
	GlobalSection(SolutionProperties) = preSolution
		HideSolutionNode = FALSE
	EndGlobalSection
	GlobalSection(ExtensibilityGlobals) = postSolution
		SolutionGuid = {52178A2D-E839-4114-A2CA-B2828CB90F48}
	EndGlobalSection
EndGlobal
